
Microsoft Visual Studio Solution File, Format Version 12.00
# Visual Studio Version 16
VisualStudioVersion = 16.0.31112.23
MinimumVisualStudioVersion = 10.0.40219.1
Project("{FAE04EC0-301F-11D3-BF4B-00C04F79EFBC}") = "Karan", "Karan.csproj", "{DC0E0E75-D1EF-47C3-82D4-AB0BF1F87C4C}"
EndProject
Global
	GlobalSection(SolutionConfigurationPlatforms) = preSolution
		Debug|Any CPU = Debug|Any CPU
		Release|Any CPU = Release|Any CPU
	EndGlobalSection
	GlobalSection(ProjectConfigurationPlatforms) = postSolution
		{DC0E0E75-D1EF-47C3-82D4-AB0BF1F87C4C}.Debug|Any CPU.ActiveCfg = Debug|Any CPU
		{DC0E0E75-D1EF-47C3-82D4-AB0BF1F87C4C}.Debug|Any CPU.Build.0 = Debug|Any CPU
		{DC0E0E75-D1EF-47C3-82D4-AB0BF1F87C4C}.Release|Any CPU.ActiveCfg = Release|Any CPU
		{DC0E0E75-D1EF-47C3-82D4-AB0BF1F87C4C}.Release|Any CPU.Build.0 = Release|Any CPU
	EndGlobalSection
	GlobalSection(SolutionProperties) = preSolution
		HideSolutionNode = FALSE
	EndGlobalSection
	GlobalSection(ExtensibilityGlobals) = postSolution
		SolutionGuid = {442B81F5-5816-44CC-A266-A337560AD269}
	EndGlobalSection
EndGlobal
